# This file is generated by craft.
version = 1
manifest = "Craft.toml"
manifest-digest = "fnv1a64:1035e50e03c97b7a"

[[package]]
id = "raylib 0.1.0 root"
name = "raylib"
version = "0.1.0"
source = "root"
manifest = "Craft.toml"
manifest-digest = "fnv1a64:1035e50e03c97b7a"

[[package-target]]
package = "raylib 0.1.0 root"
kind = "lib"
root = "src/lib.kn"

[[package-target]]
package = "raylib 0.1.0 root"
kind = "test"
name = "smoke"
root = "tests/smoke.kn"

[[package-target]]
package = "raylib 0.1.0 root"
kind = "test"
name = "api_compile"
root = "tests/api_compile.kn"

[[package-target]]
package = "raylib 0.1.0 root"
kind = "example"
name = "basic_window"
root = "examples/basic_window.kn"

[[package-resource]]
package = "raylib 0.1.0 root"
name = "raylib"
source = "git"
source-value = "https://github.com/raysan5/raylib.git"
source-locator = "https://github.com/raysan5/raylib.git"
source-selector = "tag:6.0"

[[publish-proof]]
package-id = "raylib 0.1.0 root"
path = "."
package = "raylib"
version = "0.1.0"
kern = "0.7.7"
description = "Kern wrapper for raylib"
license = "MIT"
authors = ["softfault <givenyoung46@gmail.com>"]
readme = "README.md"
repository = "https://github.com/kern-project/raylib-kern.git"
manifest-sha256 = "sha256:8a5d719da1a2b4525181425b4e3b5132e6fb13be80956fa116a5cf429a7e8abc"
source-sha256 = "sha256:d424842b456b595d5b0560cd155f648eaa0974fefec55ce9d3bb97c54ced8ca4"
