# This file is generated by craft.
version = 1
manifest = "Craft.toml"
manifest-digest = "fnv1a64:efd200fd83778114"

[[package]]
id = "raylib 0.1.0 root"
name = "raylib"
version = "0.1.0"
source = "root"
manifest = "Craft.toml"
manifest-digest = "fnv1a64:efd200fd83778114"

[[package-target]]
package = "raylib 0.1.0 root"
kind = "lib"
root = "src/lib.kn"

[[package-target]]
package = "raylib 0.1.0 root"
kind = "test"
name = "smoke"
root = "tests/smoke.kn"

[[package-target]]
package = "raylib 0.1.0 root"
kind = "test"
name = "api_compile"
root = "tests/api_compile.kn"

[[package-target]]
package = "raylib 0.1.0 root"
kind = "example"
name = "basic_window"
root = "examples/basic_window.kn"

[[package-resource]]
package = "raylib 0.1.0 root"
name = "raylib"
source = "git"
source-value = "https://github.com/raysan5/raylib.git"
source-locator = "https://github.com/raysan5/raylib.git"
source-selector = "tag:6.0"

[[publish-proof]]
package-id = "raylib 0.1.0 root"
path = "."
package = "raylib"
version = "0.1.0"
kern = "0.8"
description = "Kern wrapper for raylib"
license = "MIT"
authors = ["softfault <givenyoung46@gmail.com>"]
readme = "README.md"
repository = "https://github.com/kern-project/raylib-kern.git"
manifest-sha256 = "sha256:d4a0754728abf5729b29524a52ac71cad81ae9033db2dd590b7359eaf35f72a1"
source-sha256 = "sha256:e565a31e3209f5494e23c8780123576479103f219d6c0acf1cf43cef2533bc0a"
